{
    "hash": "722bf11f251482882e918b054fb386c9",
    "packages": [
        {
            "package": "facebook/xhprof",
            "version": "0.9.2"
        },
        {
            "package": "kriswallsmith/buzz",
            "version": "dev-master",
            "source-reference": "2ba5da13b1b03590f0164b3fb61578078d671fcc",
            "commit-date": "1341070218"
        },
        {
            "package": "monolog/monolog",
            "version": "1.0.2"
        },
        {
            "package": "predis/predis",
            "version": "0.7.x-dev",
            "source-reference": "v0.7.3",
            "commit-date": "1338542251"
        },
        {
            "package": "twig/twig",
            "version": "1.6.x-dev",
            "source-reference": "v1.6.5"
        }
    ],
    "packages-dev": null,
    "aliases": [

    ],
    "minimum-stability": "dev",
    "stability-flags": [

    ]
}
