{
    "hash": "6b6e9bcad5c53d5c7e8e32070605aee0",
    "packages": [
        {
            "package": "facebook/xhprof",
            "version": "0.9.2"
        },
        {
            "package": "kriswallsmith/buzz",
            "version": "dev-master",
            "source-reference": "2ba5da13b1b03590f0164b3fb61578078d671fcc",
            "commit-date": "1341070218"
        },
        {
            "package": "monolog/monolog",
            "version": "1.0.2"
        },
        {
            "package": "predis/predis",
            "version": "0.7.x-dev",
            "source-reference": "6e9db69e729119b17510ee86e2a4d1ce3c6a1ad7",
            "commit-date": "1342872780"
        },
        {
            "package": "symfony/serializer",
            "version": "v2.0.16"
        },
        {
            "package": "twig/twig",
            "version": "1.6.x-dev",
            "source-reference": "v1.6.5",
            "commit-date": "1334134838"
        }
    ],
    "packages-dev": null,
    "aliases": [

    ],
    "minimum-stability": "stable",
    "stability-flags": [

    ]
}
